
Microsoft Visual Studio Solution File, Format Version 12.00
# Visual Studio Version 17
VisualStudioVersion = 17.11.35219.272
MinimumVisualStudioVersion = 10.0.40219.1
Project("{FAE04EC0-301F-11D3-BF4B-00C04F79EFBC}") = "ProjectDemo", "ProjectDemo\ProjectDemo.csproj", "{47FA90C7-4BB7-4D9A-B82F-BC6C5A3E9958}"
EndProject
Global
	GlobalSection(SolutionConfigurationPlatforms) = preSolution
		Debug|Any CPU = Debug|Any CPU
		Release|Any CPU = Release|Any CPU
	EndGlobalSection
	GlobalSection(ProjectConfigurationPlatforms) = postSolution
		{47FA90C7-4BB7-4D9A-B82F-BC6C5A3E9958}.Debug|Any CPU.ActiveCfg = Debug|Any CPU
		{47FA90C7-4BB7-4D9A-B82F-BC6C5A3E9958}.Debug|Any CPU.Build.0 = Debug|Any CPU
		{47FA90C7-4BB7-4D9A-B82F-BC6C5A3E9958}.Release|Any CPU.ActiveCfg = Release|Any CPU
		{47FA90C7-4BB7-4D9A-B82F-BC6C5A3E9958}.Release|Any CPU.Build.0 = Release|Any CPU
	EndGlobalSection
	GlobalSection(SolutionProperties) = preSolution
		HideSolutionNode = FALSE
	EndGlobalSection
	GlobalSection(ExtensibilityGlobals) = postSolution
		SolutionGuid = {BDE30861-8559-42FD-9561-F59DD7610B2D}
	EndGlobalSection
EndGlobal
